
Microsoft Visual Studio Solution File, Format Version 12.00
# Visual Studio 15
VisualStudioVersion = 15.0.26730.12
MinimumVisualStudioVersion = 10.0.40219.1
Project("{FAE04EC0-301F-11D3-BF4B-00C04F79EFBC}") = "MyWebsite", "MyWebsite\MyWebsite.csproj", "{B7147F73-861C-4EF3-98E5-9C9BEED6FA58}"
EndProject
Global
	GlobalSection(SolutionConfigurationPlatforms) = preSolution
		Debug|Any CPU = Debug|Any CPU
		Release|Any CPU = Release|Any CPU
	EndGlobalSection
	GlobalSection(ProjectConfigurationPlatforms) = postSolution
		{B7147F73-861C-4EF3-98E5-9C9BEED6FA58}.Debug|Any CPU.ActiveCfg = Debug|Any CPU
		{B7147F73-861C-4EF3-98E5-9C9BEED6FA58}.Debug|Any CPU.Build.0 = Debug|Any CPU
		{B7147F73-861C-4EF3-98E5-9C9BEED6FA58}.Release|Any CPU.ActiveCfg = Release|Any CPU
		{B7147F73-861C-4EF3-98E5-9C9BEED6FA58}.Release|Any CPU.Build.0 = Release|Any CPU
	EndGlobalSection
	GlobalSection(SolutionProperties) = preSolution
		HideSolutionNode = FALSE
	EndGlobalSection
	GlobalSection(ExtensibilityGlobals) = postSolution
		SolutionGuid = {908D53C0-8A83-4F46-8B45-8303E6CFBD2A}
	EndGlobalSection
EndGlobal
